
Microsoft Visual Studio Solution File, Format Version 12.00
# Visual Studio Version 17
VisualStudioVersion = 17.2.32630.192
MinimumVisualStudioVersion = 10.0.40219.1
Project("{FAE04EC0-301F-11D3-BF4B-00C04F79EFBC}") = "WebServer", "WebServer\WebServer.csproj", "{9C9E6793-93A3-4B84-9B57-39125506817B}"
EndProject
Project("{FAE04EC0-301F-11D3-BF4B-00C04F79EFBC}") = "Client", "Client\Client.csproj", "{88BB79BE-F94A-4D1C-830E-59BA3C05143F}"
EndProject
Project("{FAE04EC0-301F-11D3-BF4B-00C04F79EFBC}") = "Website", "Website\Website.csproj", "{289EEC2C-1408-4DAB-AC9B-979F75D3E08F}"
EndProject
Global
	GlobalSection(SolutionConfigurationPlatforms) = preSolution
		Debug|Any CPU = Debug|Any CPU
		Release|Any CPU = Release|Any CPU
	EndGlobalSection
	GlobalSection(ProjectConfigurationPlatforms) = postSolution
		{9C9E6793-93A3-4B84-9B57-39125506817B}.Debug|Any CPU.ActiveCfg = Debug|Any CPU
		{9C9E6793-93A3-4B84-9B57-39125506817B}.Debug|Any CPU.Build.0 = Debug|Any CPU
		{9C9E6793-93A3-4B84-9B57-39125506817B}.Release|Any CPU.ActiveCfg = Release|Any CPU
		{9C9E6793-93A3-4B84-9B57-39125506817B}.Release|Any CPU.Build.0 = Release|Any CPU
		{88BB79BE-F94A-4D1C-830E-59BA3C05143F}.Debug|Any CPU.ActiveCfg = Debug|Any CPU
		{88BB79BE-F94A-4D1C-830E-59BA3C05143F}.Debug|Any CPU.Build.0 = Debug|Any CPU
		{88BB79BE-F94A-4D1C-830E-59BA3C05143F}.Release|Any CPU.ActiveCfg = Release|Any CPU
		{88BB79BE-F94A-4D1C-830E-59BA3C05143F}.Release|Any CPU.Build.0 = Release|Any CPU
		{289EEC2C-1408-4DAB-AC9B-979F75D3E08F}.Debug|Any CPU.ActiveCfg = Debug|Any CPU
		{289EEC2C-1408-4DAB-AC9B-979F75D3E08F}.Debug|Any CPU.Build.0 = Debug|Any CPU
		{289EEC2C-1408-4DAB-AC9B-979F75D3E08F}.Release|Any CPU.ActiveCfg = Release|Any CPU
		{289EEC2C-1408-4DAB-AC9B-979F75D3E08F}.Release|Any CPU.Build.0 = Release|Any CPU
	EndGlobalSection
	GlobalSection(SolutionProperties) = preSolution
		HideSolutionNode = FALSE
	EndGlobalSection
	GlobalSection(ExtensibilityGlobals) = postSolution
		SolutionGuid = {E2E9F2C7-F379-49A4-819E-ECCD30B92E01}
	EndGlobalSection
EndGlobal
