
Microsoft Visual Studio Solution File, Format Version 12.00
# Visual Studio Version 17
VisualStudioVersion = 17.2.32630.192
MinimumVisualStudioVersion = 10.0.40219.1
Project("{FAE04EC0-301F-11D3-BF4B-00C04F79EFBC}") = "Authenticator", "Authenticator\Authenticator.csproj", "{84B83C99-CAFA-4ABE-8349-DA4C9D3BC8BD}"
EndProject
Project("{FAE04EC0-301F-11D3-BF4B-00C04F79EFBC}") = "ServiceProvider", "ServiceProvider\ServiceProvider.csproj", "{A4EB18CB-D188-4E33-A450-752330438013}"
EndProject
Project("{FAE04EC0-301F-11D3-BF4B-00C04F79EFBC}") = "Registry", "Registry\Registry.csproj", "{8FA98B0E-58D7-4250-872E-CB37EFC410EE}"
EndProject
Project("{FAE04EC0-301F-11D3-BF4B-00C04F79EFBC}") = "RegistryClasses", "RegistryClasses\RegistryClasses.csproj", "{2EC92E20-EB2C-4413-AF58-A60BD5415088}"
EndProject
Project("{FAE04EC0-301F-11D3-BF4B-00C04F79EFBC}") = "ServicePublishingApp", "ServicePublishingApp\ServicePublishingApp.csproj", "{A09E1933-0469-4F12-A9E9-C33F889B6AA7}"
EndProject
Global
	GlobalSection(SolutionConfigurationPlatforms) = preSolution
		Debug|Any CPU = Debug|Any CPU
		Release|Any CPU = Release|Any CPU
	EndGlobalSection
	GlobalSection(ProjectConfigurationPlatforms) = postSolution
		{84B83C99-CAFA-4ABE-8349-DA4C9D3BC8BD}.Debug|Any CPU.ActiveCfg = Debug|Any CPU
		{84B83C99-CAFA-4ABE-8349-DA4C9D3BC8BD}.Debug|Any CPU.Build.0 = Debug|Any CPU
		{84B83C99-CAFA-4ABE-8349-DA4C9D3BC8BD}.Release|Any CPU.ActiveCfg = Release|Any CPU
		{84B83C99-CAFA-4ABE-8349-DA4C9D3BC8BD}.Release|Any CPU.Build.0 = Release|Any CPU
		{A4EB18CB-D188-4E33-A450-752330438013}.Debug|Any CPU.ActiveCfg = Debug|Any CPU
		{A4EB18CB-D188-4E33-A450-752330438013}.Debug|Any CPU.Build.0 = Debug|Any CPU
		{A4EB18CB-D188-4E33-A450-752330438013}.Release|Any CPU.ActiveCfg = Release|Any CPU
		{A4EB18CB-D188-4E33-A450-752330438013}.Release|Any CPU.Build.0 = Release|Any CPU
		{8FA98B0E-58D7-4250-872E-CB37EFC410EE}.Debug|Any CPU.ActiveCfg = Debug|Any CPU
		{8FA98B0E-58D7-4250-872E-CB37EFC410EE}.Debug|Any CPU.Build.0 = Debug|Any CPU
		{8FA98B0E-58D7-4250-872E-CB37EFC410EE}.Release|Any CPU.ActiveCfg = Release|Any CPU
		{8FA98B0E-58D7-4250-872E-CB37EFC410EE}.Release|Any CPU.Build.0 = Release|Any CPU
		{2EC92E20-EB2C-4413-AF58-A60BD5415088}.Debug|Any CPU.ActiveCfg = Debug|Any CPU
		{2EC92E20-EB2C-4413-AF58-A60BD5415088}.Debug|Any CPU.Build.0 = Debug|Any CPU
		{2EC92E20-EB2C-4413-AF58-A60BD5415088}.Release|Any CPU.ActiveCfg = Release|Any CPU
		{2EC92E20-EB2C-4413-AF58-A60BD5415088}.Release|Any CPU.Build.0 = Release|Any CPU
		{A09E1933-0469-4F12-A9E9-C33F889B6AA7}.Debug|Any CPU.ActiveCfg = Debug|Any CPU
		{A09E1933-0469-4F12-A9E9-C33F889B6AA7}.Debug|Any CPU.Build.0 = Debug|Any CPU
		{A09E1933-0469-4F12-A9E9-C33F889B6AA7}.Release|Any CPU.ActiveCfg = Release|Any CPU
		{A09E1933-0469-4F12-A9E9-C33F889B6AA7}.Release|Any CPU.Build.0 = Release|Any CPU
	EndGlobalSection
	GlobalSection(SolutionProperties) = preSolution
		HideSolutionNode = FALSE
	EndGlobalSection
	GlobalSection(ExtensibilityGlobals) = postSolution
		SolutionGuid = {422432C5-8480-4360-ADA7-80E58A44C7F1}
	EndGlobalSection
EndGlobal
