
Microsoft Visual Studio Solution File, Format Version 12.00
# Visual Studio Version 17
VisualStudioVersion = 17.2.32630.192
MinimumVisualStudioVersion = 10.0.40219.1
Project("{FAE04EC0-301F-11D3-BF4B-00C04F79EFBC}") = "DatabaseLib", "DatabaseLib\DatabaseLib.csproj", "{810DA7F8-7D83-43AB-832D-939EA8B2683B}"
EndProject
Project("{FAE04EC0-301F-11D3-BF4B-00C04F79EFBC}") = "DataServer", "DataServer\DataServer.csproj", "{A994310A-0179-4E3C-83C6-C1949EC264E9}"
EndProject
Project("{FAE04EC0-301F-11D3-BF4B-00C04F79EFBC}") = "AsyncClient", "AsyncClient\AsyncClient.csproj", "{A7425508-E898-4344-9F16-4593C03D26C2}"
EndProject
Global
	GlobalSection(SolutionConfigurationPlatforms) = preSolution
		Debug|Any CPU = Debug|Any CPU
		Release|Any CPU = Release|Any CPU
	EndGlobalSection
	GlobalSection(ProjectConfigurationPlatforms) = postSolution
		{810DA7F8-7D83-43AB-832D-939EA8B2683B}.Debug|Any CPU.ActiveCfg = Debug|Any CPU
		{810DA7F8-7D83-43AB-832D-939EA8B2683B}.Debug|Any CPU.Build.0 = Debug|Any CPU
		{810DA7F8-7D83-43AB-832D-939EA8B2683B}.Release|Any CPU.ActiveCfg = Release|Any CPU
		{810DA7F8-7D83-43AB-832D-939EA8B2683B}.Release|Any CPU.Build.0 = Release|Any CPU
		{A994310A-0179-4E3C-83C6-C1949EC264E9}.Debug|Any CPU.ActiveCfg = Debug|Any CPU
		{A994310A-0179-4E3C-83C6-C1949EC264E9}.Debug|Any CPU.Build.0 = Debug|Any CPU
		{A994310A-0179-4E3C-83C6-C1949EC264E9}.Release|Any CPU.ActiveCfg = Release|Any CPU
		{A994310A-0179-4E3C-83C6-C1949EC264E9}.Release|Any CPU.Build.0 = Release|Any CPU
		{A7425508-E898-4344-9F16-4593C03D26C2}.Debug|Any CPU.ActiveCfg = Debug|Any CPU
		{A7425508-E898-4344-9F16-4593C03D26C2}.Debug|Any CPU.Build.0 = Debug|Any CPU
		{A7425508-E898-4344-9F16-4593C03D26C2}.Release|Any CPU.ActiveCfg = Release|Any CPU
		{A7425508-E898-4344-9F16-4593C03D26C2}.Release|Any CPU.Build.0 = Release|Any CPU
	EndGlobalSection
	GlobalSection(SolutionProperties) = preSolution
		HideSolutionNode = FALSE
	EndGlobalSection
	GlobalSection(ExtensibilityGlobals) = postSolution
		SolutionGuid = {0B9E753D-8613-450F-90B7-4A9955AD7125}
	EndGlobalSection
EndGlobal
