
Microsoft Visual Studio Solution File, Format Version 12.00
# Visual Studio Version 17
VisualStudioVersion = 17.2.32630.192
MinimumVisualStudioVersion = 10.0.40219.1
Project("{FAE04EC0-301F-11D3-BF4B-00C04F79EFBC}") = "DatabaseLib", "DatabaseLib.csproj", "{12B9A3DD-B00E-4AF0-A4EB-17649CCE3A4E}"
EndProject
Project("{FAE04EC0-301F-11D3-BF4B-00C04F79EFBC}") = "RemotingServer", "RemotingServer\RemotingServer.csproj", "{F9B6F5FC-10CA-4C68-A384-8CBEAE972814}"
EndProject
Global
	GlobalSection(SolutionConfigurationPlatforms) = preSolution
		Debug|Any CPU = Debug|Any CPU
		Release|Any CPU = Release|Any CPU
	EndGlobalSection
	GlobalSection(ProjectConfigurationPlatforms) = postSolution
		{12B9A3DD-B00E-4AF0-A4EB-17649CCE3A4E}.Debug|Any CPU.ActiveCfg = Debug|Any CPU
		{12B9A3DD-B00E-4AF0-A4EB-17649CCE3A4E}.Debug|Any CPU.Build.0 = Debug|Any CPU
		{12B9A3DD-B00E-4AF0-A4EB-17649CCE3A4E}.Release|Any CPU.ActiveCfg = Release|Any CPU
		{12B9A3DD-B00E-4AF0-A4EB-17649CCE3A4E}.Release|Any CPU.Build.0 = Release|Any CPU
		{F9B6F5FC-10CA-4C68-A384-8CBEAE972814}.Debug|Any CPU.ActiveCfg = Debug|Any CPU
		{F9B6F5FC-10CA-4C68-A384-8CBEAE972814}.Debug|Any CPU.Build.0 = Debug|Any CPU
		{F9B6F5FC-10CA-4C68-A384-8CBEAE972814}.Release|Any CPU.ActiveCfg = Release|Any CPU
		{F9B6F5FC-10CA-4C68-A384-8CBEAE972814}.Release|Any CPU.Build.0 = Release|Any CPU
	EndGlobalSection
	GlobalSection(SolutionProperties) = preSolution
		HideSolutionNode = FALSE
	EndGlobalSection
	GlobalSection(ExtensibilityGlobals) = postSolution
		SolutionGuid = {F0ECEEA3-85B2-4142-8E6A-379005DC10E2}
	EndGlobalSection
EndGlobal
