
Microsoft Visual Studio Solution File, Format Version 12.00
# Visual Studio Version 17
VisualStudioVersion = 17.2.32630.192
MinimumVisualStudioVersion = 10.0.40219.1
Project("{FAE04EC0-301F-11D3-BF4B-00C04F79EFBC}") = "DatabaseLib", "DatabaseLib\DatabaseLib.csproj", "{32FD897C-DA45-4E40-98FD-D4C8911236F6}"
EndProject
Project("{FAE04EC0-301F-11D3-BF4B-00C04F79EFBC}") = "RemotingServer", "RemotingServer\RemotingServer.csproj", "{CF9F56E5-F75F-4F06-BF6E-F71226B3CCC8}"
EndProject
Project("{FAE04EC0-301F-11D3-BF4B-00C04F79EFBC}") = "Client", "Client\Client.csproj", "{B2952F9F-AE97-4B96-B97F-9B9753D67E96}"
EndProject
Project("{FAE04EC0-301F-11D3-BF4B-00C04F79EFBC}") = "BusinessTier", "BusinessTier\BusinessTier.csproj", "{445A6122-8DDE-47CB-AFFB-3687D48AE74E}"
EndProject
Global
	GlobalSection(SolutionConfigurationPlatforms) = preSolution
		Debug|Any CPU = Debug|Any CPU
		Release|Any CPU = Release|Any CPU
	EndGlobalSection
	GlobalSection(ProjectConfigurationPlatforms) = postSolution
		{32FD897C-DA45-4E40-98FD-D4C8911236F6}.Debug|Any CPU.ActiveCfg = Debug|Any CPU
		{32FD897C-DA45-4E40-98FD-D4C8911236F6}.Debug|Any CPU.Build.0 = Debug|Any CPU
		{32FD897C-DA45-4E40-98FD-D4C8911236F6}.Release|Any CPU.ActiveCfg = Release|Any CPU
		{32FD897C-DA45-4E40-98FD-D4C8911236F6}.Release|Any CPU.Build.0 = Release|Any CPU
		{CF9F56E5-F75F-4F06-BF6E-F71226B3CCC8}.Debug|Any CPU.ActiveCfg = Debug|Any CPU
		{CF9F56E5-F75F-4F06-BF6E-F71226B3CCC8}.Debug|Any CPU.Build.0 = Debug|Any CPU
		{CF9F56E5-F75F-4F06-BF6E-F71226B3CCC8}.Release|Any CPU.ActiveCfg = Release|Any CPU
		{CF9F56E5-F75F-4F06-BF6E-F71226B3CCC8}.Release|Any CPU.Build.0 = Release|Any CPU
		{B2952F9F-AE97-4B96-B97F-9B9753D67E96}.Debug|Any CPU.ActiveCfg = Debug|Any CPU
		{B2952F9F-AE97-4B96-B97F-9B9753D67E96}.Debug|Any CPU.Build.0 = Debug|Any CPU
		{B2952F9F-AE97-4B96-B97F-9B9753D67E96}.Release|Any CPU.ActiveCfg = Release|Any CPU
		{B2952F9F-AE97-4B96-B97F-9B9753D67E96}.Release|Any CPU.Build.0 = Release|Any CPU
		{445A6122-8DDE-47CB-AFFB-3687D48AE74E}.Debug|Any CPU.ActiveCfg = Debug|Any CPU
		{445A6122-8DDE-47CB-AFFB-3687D48AE74E}.Debug|Any CPU.Build.0 = Debug|Any CPU
		{445A6122-8DDE-47CB-AFFB-3687D48AE74E}.Release|Any CPU.ActiveCfg = Release|Any CPU
		{445A6122-8DDE-47CB-AFFB-3687D48AE74E}.Release|Any CPU.Build.0 = Release|Any CPU
	EndGlobalSection
	GlobalSection(SolutionProperties) = preSolution
		HideSolutionNode = FALSE
	EndGlobalSection
	GlobalSection(ExtensibilityGlobals) = postSolution
		SolutionGuid = {3A252223-1645-48A5-B5D0-96B9B815A9DA}
	EndGlobalSection
EndGlobal
